
Microsoft Visual Studio Solution File, Format Version 12.00
# Visual Studio 2012
Project("{FAE04EC0-301F-11D3-BF4B-00C04F79EFBC}") = "lab2_q2", "lab2_q2\lab2_q2.csproj", "{A393375C-0D4C-4E0A-95B3-D7CAFB85939E}"
EndProject
Global
	GlobalSection(SolutionConfigurationPlatforms) = preSolution
		Debug|Any CPU = Debug|Any CPU
		Release|Any CPU = Release|Any CPU
	EndGlobalSection
	GlobalSection(ProjectConfigurationPlatforms) = postSolution
		{A393375C-0D4C-4E0A-95B3-D7CAFB85939E}.Debug|Any CPU.ActiveCfg = Debug|Any CPU
		{A393375C-0D4C-4E0A-95B3-D7CAFB85939E}.Debug|Any CPU.Build.0 = Debug|Any CPU
		{A393375C-0D4C-4E0A-95B3-D7CAFB85939E}.Release|Any CPU.ActiveCfg = Release|Any CPU
		{A393375C-0D4C-4E0A-95B3-D7CAFB85939E}.Release|Any CPU.Build.0 = Release|Any CPU
	EndGlobalSection
	GlobalSection(SolutionProperties) = preSolution
		HideSolutionNode = FALSE
	EndGlobalSection
EndGlobal
